
Microsoft Visual Studio Solution File, Format Version 12.00
Project("{FAE04EC0-301F-11D3-BF4B-00C04F79EFBC}") = "ikt206g24v-05", "ikt206g24v-05\ikt206g24v-05.csproj", "{0AF431AB-70BA-4FCC-BA25-6AE4E7FAFE2B}"
EndProject
Global
	GlobalSection(SolutionConfigurationPlatforms) = preSolution
		Debug|Any CPU = Debug|Any CPU
		Release|Any CPU = Release|Any CPU
	EndGlobalSection
	GlobalSection(ProjectConfigurationPlatforms) = postSolution
		{0AF431AB-70BA-4FCC-BA25-6AE4E7FAFE2B}.Debug|Any CPU.ActiveCfg = Debug|Any CPU
		{0AF431AB-70BA-4FCC-BA25-6AE4E7FAFE2B}.Debug|Any CPU.Build.0 = Debug|Any CPU
		{0AF431AB-70BA-4FCC-BA25-6AE4E7FAFE2B}.Release|Any CPU.ActiveCfg = Release|Any CPU
		{0AF431AB-70BA-4FCC-BA25-6AE4E7FAFE2B}.Release|Any CPU.Build.0 = Release|Any CPU
	EndGlobalSection
EndGlobal
